// !$*UTF8*$!
{
	archiveVersion = 1;
	classes = {
	};
	objectVersion = 46;
	objects = {

/* Begin PBXBuildFile section */
		252B37C3162BF5A9003D50AC /* ChsCamera.cpp in Sources */ = {isa = PBXBuildFile; fileRef = 252B3767162BF5A9003D50AC /* ChsCamera.cpp */; };
		252B37C4162BF5A9003D50AC /* ChsModelViewCamera.cpp in Sources */ = {isa = PBXBuildFile; fileRef = 252B3768162BF5A9003D50AC /* ChsModelViewCamera.cpp */; };
		252B37C5162BF5A9003D50AC /* ChsArrayBuffer.cpp in Sources */ = {isa = PBXBuildFile; fileRef = 252B3769162BF5A9003D50AC /* ChsArrayBuffer.cpp */; };
		252B37C6162BF5A9003D50AC /* ChsDaeLoader.cpp in Sources */ = {isa = PBXBuildFile; fileRef = 252B376A162BF5A9003D50AC /* ChsDaeLoader.cpp */; };
		252B37C7162BF5A9003D50AC /* ChsEngine.cpp in Sources */ = {isa = PBXBuildFile; fileRef = 252B376B162BF5A9003D50AC /* ChsEngine.cpp */; };
		252B37C8162BF5A9003D50AC /* ChsEntity.cpp in Sources */ = {isa = PBXBuildFile; fileRef = 252B376C162BF5A9003D50AC /* ChsEntity.cpp */; };
		252B37C9162BF5A9003D50AC /* ChsEntityManager.cpp in Sources */ = {isa = PBXBuildFile; fileRef = 252B376D162BF5A9003D50AC /* ChsEntityManager.cpp */; };
		252B37CA162BF5A9003D50AC /* ChsIndexBuffer.cpp in Sources */ = {isa = PBXBuildFile; fileRef = 252B376E162BF5A9003D50AC /* ChsIndexBuffer.cpp */; };
		252B37CB162BF5A9003D50AC /* ChsMaterial.cpp in Sources */ = {isa = PBXBuildFile; fileRef = 252B376F162BF5A9003D50AC /* ChsMaterial.cpp */; };
		252B37CC162BF5A9003D50AC /* ChsMesh.cpp in Sources */ = {isa = PBXBuildFile; fileRef = 252B3770162BF5A9003D50AC /* ChsMesh.cpp */; };
		252B37CD162BF5A9003D50AC /* ChsModel.cpp in Sources */ = {isa = PBXBuildFile; fileRef = 252B3771162BF5A9003D50AC /* ChsModel.cpp */; };
		252B37CE162BF5A9003D50AC /* ChsModelLoader.cpp in Sources */ = {isa = PBXBuildFile; fileRef = 252B3772162BF5A9003D50AC /* ChsModelLoader.cpp */; };
		252B37CF162BF5A9003D50AC /* ChsModelManager.cpp in Sources */ = {isa = PBXBuildFile; fileRef = 252B3773162BF5A9003D50AC /* ChsModelManager.cpp */; };
		252B37D0162BF5A9003D50AC /* ChsRenderable.cpp in Sources */ = {isa = PBXBuildFile; fileRef = 252B3774162BF5A9003D50AC /* ChsRenderable.cpp */; };
		252B37D1162BF5A9003D50AC /* ChsRenderFactory.cpp in Sources */ = {isa = PBXBuildFile; fileRef = 252B3775162BF5A9003D50AC /* ChsRenderFactory.cpp */; };
		252B37D2162BF5A9003D50AC /* ChsRenderNode.cpp in Sources */ = {isa = PBXBuildFile; fileRef = 252B3776162BF5A9003D50AC /* ChsRenderNode.cpp */; };
		252B37D3162BF5A9003D50AC /* ChsRenderStates.cpp in Sources */ = {isa = PBXBuildFile; fileRef = 252B3777162BF5A9003D50AC /* ChsRenderStates.cpp */; };
		252B37D4162BF5A9003D50AC /* ChsRenderSystem.cpp in Sources */ = {isa = PBXBuildFile; fileRef = 252B3778162BF5A9003D50AC /* ChsRenderSystem.cpp */; };
		252B37D5162BF5A9003D50AC /* ChsResourceManager.cpp in Sources */ = {isa = PBXBuildFile; fileRef = 252B3779162BF5A9003D50AC /* ChsResourceManager.cpp */; };
		252B37D6162BF5A9003D50AC /* ChsSingleton.cpp in Sources */ = {isa = PBXBuildFile; fileRef = 252B377A162BF5A9003D50AC /* ChsSingleton.cpp */; };
		252B37D7162BF5A9003D50AC /* ChsSprite2D.cpp in Sources */ = {isa = PBXBuildFile; fileRef = 252B377B162BF5A9003D50AC /* ChsSprite2D.cpp */; };
		252B37D8162BF5A9003D50AC /* ChsTexture2D.cpp in Sources */ = {isa = PBXBuildFile; fileRef = 252B377C162BF5A9003D50AC /* ChsTexture2D.cpp */; };
		252B37D9162BF5A9003D50AC /* ChsTextureEntity.cpp in Sources */ = {isa = PBXBuildFile; fileRef = 252B377D162BF5A9003D50AC /* ChsTextureEntity.cpp */; };
		252B37DA162BF5A9003D50AC /* ChsTextureFactory.cpp in Sources */ = {isa = PBXBuildFile; fileRef = 252B377E162BF5A9003D50AC /* ChsTextureFactory.cpp */; };
		252B37DB162BF5A9003D50AC /* ChsTextureManager.cpp in Sources */ = {isa = PBXBuildFile; fileRef = 252B377F162BF5A9003D50AC /* ChsTextureManager.cpp */; };
		252B37DC162BF5A9003D50AC /* ChsVertexBuffer.cpp in Sources */ = {isa = PBXBuildFile; fileRef = 252B3780162BF5A9003D50AC /* ChsVertexBuffer.cpp */; };
		252B37DD162BF5A9003D50AC /* ChsNode.cpp in Sources */ = {isa = PBXBuildFile; fileRef = 252B3782162BF5A9003D50AC /* ChsNode.cpp */; };
		252B37DE162BF5A9003D50AC /* ChsUtility.cpp in Sources */ = {isa = PBXBuildFile; fileRef = 252B3783162BF5A9003D50AC /* ChsUtility.cpp */; };
		252B37DF162BF5A9003D50AC /* ChsGameBase.cpp in Sources */ = {isa = PBXBuildFile; fileRef = 252B3785162BF5A9003D50AC /* ChsGameBase.cpp */; };
		252B37E0162BF5A9003D50AC /* ChsScene.cpp in Sources */ = {isa = PBXBuildFile; fileRef = 252B3786162BF5A9003D50AC /* ChsScene.cpp */; };
		252B37E1162BF5A9003D50AC /* ChsSceneManager.cpp in Sources */ = {isa = PBXBuildFile; fileRef = 252B3787162BF5A9003D50AC /* ChsSceneManager.cpp */; };
		252B37E2162BF5A9003D50AC /* ChsCoordinatePlane.cpp in Sources */ = {isa = PBXBuildFile; fileRef = 252B3789162BF5A9003D50AC /* ChsCoordinatePlane.cpp */; };
		252B37E3162BF5A9003D50AC /* ChsCube.cpp in Sources */ = {isa = PBXBuildFile; fileRef = 252B378A162BF5A9003D50AC /* ChsCube.cpp */; };
		252B37E4162BF5A9003D50AC /* ChsPlane.cpp in Sources */ = {isa = PBXBuildFile; fileRef = 252B378B162BF5A9003D50AC /* ChsPlane.cpp */; };
		252B37E5162BF5A9003D50AC /* ChsHUD.cpp in Sources */ = {isa = PBXBuildFile; fileRef = 252B378D162BF5A9003D50AC /* ChsHUD.cpp */; };
		252B37E6162BF5A9003D50AC /* ChsHUDManager.cpp in Sources */ = {isa = PBXBuildFile; fileRef = 252B378E162BF5A9003D50AC /* ChsHUDManager.cpp */; };
		252B37E7162BF5A9003D50AC /* ChsTouchEmitter.cpp in Sources */ = {isa = PBXBuildFile; fileRef = 252B3790162BF5A9003D50AC /* ChsTouchEmitter.cpp */; };
		252B37E8162BF5A9003D50AC /* ChsTouchListener.cpp in Sources */ = {isa = PBXBuildFile; fileRef = 252B3791162BF5A9003D50AC /* ChsTouchListener.cpp */; };
		252B37E9162BF5A9003D50AC /* ChsMath.cpp in Sources */ = {isa = PBXBuildFile; fileRef = 252B3793162BF5A9003D50AC /* ChsMath.cpp */; };
		252B37EA162BF5A9003D50AC /* ChsMatrix.cpp in Sources */ = {isa = PBXBuildFile; fileRef = 252B3794162BF5A9003D50AC /* ChsMatrix.cpp */; };
		252B37EB162BF5A9003D50AC /* ChsQuaternion.cpp in Sources */ = {isa = PBXBuildFile; fileRef = 252B3795162BF5A9003D50AC /* ChsQuaternion.cpp */; };
		252B37EC162BF5A9003D50AC /* ChsVector2.cpp in Sources */ = {isa = PBXBuildFile; fileRef = 252B3796162BF5A9003D50AC /* ChsVector2.cpp */; };
		252B37ED162BF5A9003D50AC /* ChsVector3.cpp in Sources */ = {isa = PBXBuildFile; fileRef = 252B3797162BF5A9003D50AC /* ChsVector3.cpp */; };
		252B37EE162BF5A9003D50AC /* ChsVector4.cpp in Sources */ = {isa = PBXBuildFile; fileRef = 252B3798162BF5A9003D50AC /* ChsVector4.cpp */; };
		252B37F0162BF5A9003D50AC /* ChsOpenGL.cpp in Sources */ = {isa = PBXBuildFile; fileRef = 252B379C162BF5A9003D50AC /* ChsOpenGL.cpp */; };
		252B37F1162BF5A9003D50AC /* ChsFileSystemIOS.mm in Sources */ = {isa = PBXBuildFile; fileRef = 252B379E162BF5A9003D50AC /* ChsFileSystemIOS.mm */; };
		252B37F2162BF5A9003D50AC /* ChsRenderSystemIOS.mm in Sources */ = {isa = PBXBuildFile; fileRef = 252B379F162BF5A9003D50AC /* ChsRenderSystemIOS.mm */; };
		252B37F3162BF5A9003D50AC /* ChsSystemIOS.mm in Sources */ = {isa = PBXBuildFile; fileRef = 252B37A0162BF5A9003D50AC /* ChsSystemIOS.mm */; };
		252B37F4162BF5A9003D50AC /* ChsTextureFactoryIOS.mm in Sources */ = {isa = PBXBuildFile; fileRef = 252B37A1162BF5A9003D50AC /* ChsTextureFactoryIOS.mm */; };
		252B37F8162BF5A9003D50AC /* ChsShader.cpp in Sources */ = {isa = PBXBuildFile; fileRef = 252B37A7162BF5A9003D50AC /* ChsShader.cpp */; };
		252B37F9162BF5A9003D50AC /* ChsShaderManager.cpp in Sources */ = {isa = PBXBuildFile; fileRef = 252B37A8162BF5A9003D50AC /* ChsShaderManager.cpp */; };
		252B37FA162BF5A9003D50AC /* ChsShaderProgram.cpp in Sources */ = {isa = PBXBuildFile; fileRef = 252B37A9162BF5A9003D50AC /* ChsShaderProgram.cpp */; };
		252B37FB162BF5A9003D50AC /* ChsShaderUniform.cpp in Sources */ = {isa = PBXBuildFile; fileRef = 252B37AA162BF5A9003D50AC /* ChsShaderUniform.cpp */; };
		252B37FC162BF5A9003D50AC /* ChsShaderUniformSet.cpp in Sources */ = {isa = PBXBuildFile; fileRef = 252B37AB162BF5A9003D50AC /* ChsShaderUniformSet.cpp */; };
		252B3800162BF5A9003D50AC /* AppDelegate.m in Sources */ = {isa = PBXBuildFile; fileRef = 252B37B6162BF5A9003D50AC /* AppDelegate.m */; };
		252B3801162BF5A9003D50AC /* EAGLView.mm in Sources */ = {isa = PBXBuildFile; fileRef = 252B37B9162BF5A9003D50AC /* EAGLView.mm */; };
		252B3802162BF5A9003D50AC /* GLViewController.mm in Sources */ = {isa = PBXBuildFile; fileRef = 252B37BB162BF5A9003D50AC /* GLViewController.mm */; };
		252B3803162BF5A9003D50AC /* main.m in Sources */ = {isa = PBXBuildFile; fileRef = 252B37BC162BF5A9003D50AC /* main.m */; };
		252B3805162BF5A9003D50AC /* GameDemo.cpp in Sources */ = {isa = PBXBuildFile; fileRef = 252B37BF162BF5A9003D50AC /* GameDemo.cpp */; };
		252B3806162BF5A9003D50AC /* GamingScene.cpp in Sources */ = {isa = PBXBuildFile; fileRef = 252B37C0162BF5A9003D50AC /* GamingScene.cpp */; };
		252B3807162BF5A9003D50AC /* MainMenuScene.cpp in Sources */ = {isa = PBXBuildFile; fileRef = 252B37C1162BF5A9003D50AC /* MainMenuScene.cpp */; };
		252B3808162BF5A9003D50AC /* SplashScene.cpp in Sources */ = {isa = PBXBuildFile; fileRef = 252B37C2162BF5A9003D50AC /* SplashScene.cpp */; };
		252B3860162BF719003D50AC /* tinyxml2.cpp in Sources */ = {isa = PBXBuildFile; fileRef = 252B385F162BF719003D50AC /* tinyxml2.cpp */; };
		252B3884162BFC4D003D50AC /* ChsMath.cpp in Sources */ = {isa = PBXBuildFile; fileRef = 252B3793162BF5A9003D50AC /* ChsMath.cpp */; };
		252B3885162BFC4D003D50AC /* ChsMatrix.cpp in Sources */ = {isa = PBXBuildFile; fileRef = 252B3794162BF5A9003D50AC /* ChsMatrix.cpp */; };
		252B3886162BFC4D003D50AC /* ChsQuaternion.cpp in Sources */ = {isa = PBXBuildFile; fileRef = 252B3795162BF5A9003D50AC /* ChsQuaternion.cpp */; };
		252B3887162BFC4D003D50AC /* ChsVector2.cpp in Sources */ = {isa = PBXBuildFile; fileRef = 252B3796162BF5A9003D50AC /* ChsVector2.cpp */; };
		252B3888162BFC4D003D50AC /* ChsVector3.cpp in Sources */ = {isa = PBXBuildFile; fileRef = 252B3797162BF5A9003D50AC /* ChsVector3.cpp */; };
		252B3889162BFC4D003D50AC /* ChsVector4.cpp in Sources */ = {isa = PBXBuildFile; fileRef = 252B3798162BF5A9003D50AC /* ChsVector4.cpp */; };
		252B389D162BFFAC003D50AC /* ChsMath.cpp in Sources */ = {isa = PBXBuildFile; fileRef = 252B3793162BF5A9003D50AC /* ChsMath.cpp */; };
		252B389E162BFFAC003D50AC /* ChsMatrix.cpp in Sources */ = {isa = PBXBuildFile; fileRef = 252B3794162BF5A9003D50AC /* ChsMatrix.cpp */; };
		252B389F162BFFAC003D50AC /* ChsQuaternion.cpp in Sources */ = {isa = PBXBuildFile; fileRef = 252B3795162BF5A9003D50AC /* ChsQuaternion.cpp */; };
		252B38A0162BFFAC003D50AC /* ChsVector2.cpp in Sources */ = {isa = PBXBuildFile; fileRef = 252B3796162BF5A9003D50AC /* ChsVector2.cpp */; };
		252B38A1162BFFAC003D50AC /* ChsVector3.cpp in Sources */ = {isa = PBXBuildFile; fileRef = 252B3797162BF5A9003D50AC /* ChsVector3.cpp */; };
		252B38A2162BFFAC003D50AC /* ChsVector4.cpp in Sources */ = {isa = PBXBuildFile; fileRef = 252B3798162BF5A9003D50AC /* ChsVector4.cpp */; };
		25737B7F164409A700FB233C /* TransTestScene.cpp in Sources */ = {isa = PBXBuildFile; fileRef = 25737B7D164409A700FB233C /* TransTestScene.cpp */; };
		749D79E314ECD77A0046F2D9 /* OpenGLES.framework in Frameworks */ = {isa = PBXBuildFile; fileRef = 749D79E214ECD77A0046F2D9 /* OpenGLES.framework */; };
		749D79F014ECE5690046F2D9 /* QuartzCore.framework in Frameworks */ = {isa = PBXBuildFile; fileRef = 749D79EF14ECE5690046F2D9 /* QuartzCore.framework */; };
		74E047C614ECC88B0024586A /* UIKit.framework in Frameworks */ = {isa = PBXBuildFile; fileRef = 74E047C514ECC88B0024586A /* UIKit.framework */; };
		74E047C814ECC88B0024586A /* Foundation.framework in Frameworks */ = {isa = PBXBuildFile; fileRef = 74E047C714ECC88B0024586A /* Foundation.framework */; };
		74E047ED14ECCA690024586A /* MainStoryboard_iPad.storyboard in Resources */ = {isa = PBXBuildFile; fileRef = 74E047EB14ECCA690024586A /* MainStoryboard_iPad.storyboard */; };
		74E047EE14ECCA690024586A /* MainStoryboard_iPhone.storyboard in Resources */ = {isa = PBXBuildFile; fileRef = 74E047EC14ECCA690024586A /* MainStoryboard_iPhone.storyboard */; };
		74E047FE14ECCD880024586A /* InfoPlist.strings in Resources */ = {isa = PBXBuildFile; fileRef = 74E047FC14ECCD880024586A /* InfoPlist.strings */; };
		74E8B3C3157742C2004CCCD6 /* shaders in Resources */ = {isa = PBXBuildFile; fileRef = 74E8B3C2157742C2004CCCD6 /* shaders */; };
		74E8B3C515774387004CCCD6 /* assets in Resources */ = {isa = PBXBuildFile; fileRef = 74E8B3C415774387004CCCD6 /* assets */; };
		74EE3A651517147600FC9420 /* CoreGraphics.framework in Frameworks */ = {isa = PBXBuildFile; fileRef = 74EE3A641517147600FC9420 /* CoreGraphics.framework */; };
/* End PBXBuildFile section */

/* Begin PBXFileReference section */
		252B3767162BF5A9003D50AC /* ChsCamera.cpp */ = {isa = PBXFileReference; fileEncoding = 4; lastKnownFileType = sourcecode.cpp.cpp; path = ChsCamera.cpp; sourceTree = "<group>"; };
		252B3768162BF5A9003D50AC /* ChsModelViewCamera.cpp */ = {isa = PBXFileReference; fileEncoding = 4; lastKnownFileType = sourcecode.cpp.cpp; path = ChsModelViewCamera.cpp; sourceTree = "<group>"; };
		252B3769162BF5A9003D50AC /* ChsArrayBuffer.cpp */ = {isa = PBXFileReference; fileEncoding = 4; lastKnownFileType = sourcecode.cpp.cpp; path = ChsArrayBuffer.cpp; sourceTree = "<group>"; };
		252B376A162BF5A9003D50AC /* ChsDaeLoader.cpp */ = {isa = PBXFileReference; fileEncoding = 4; lastKnownFileType = sourcecode.cpp.cpp; path = ChsDaeLoader.cpp; sourceTree = "<group>"; };
		252B376B162BF5A9003D50AC /* ChsEngine.cpp */ = {isa = PBXFileReference; fileEncoding = 4; lastKnownFileType = sourcecode.cpp.cpp; path = ChsEngine.cpp; sourceTree = "<group>"; };
		252B376C162BF5A9003D50AC /* ChsEntity.cpp */ = {isa = PBXFileReference; fileEncoding = 4; lastKnownFileType = sourcecode.cpp.cpp; path = ChsEntity.cpp; sourceTree = "<group>"; };
		252B376D162BF5A9003D50AC /* ChsEntityManager.cpp */ = {isa = PBXFileReference; fileEncoding = 4; lastKnownFileType = sourcecode.cpp.cpp; path = ChsEntityManager.cpp; sourceTree = "<group>"; };
		252B376E162BF5A9003D50AC /* ChsIndexBuffer.cpp */ = {isa = PBXFileReference; fileEncoding = 4; lastKnownFileType = sourcecode.cpp.cpp; path = ChsIndexBuffer.cpp; sourceTree = "<group>"; };
		252B376F162BF5A9003D50AC /* ChsMaterial.cpp */ = {isa = PBXFileReference; fileEncoding = 4; lastKnownFileType = sourcecode.cpp.cpp; path = ChsMaterial.cpp; sourceTree = "<group>"; };
		252B3770162BF5A9003D50AC /* ChsMesh.cpp */ = {isa = PBXFileReference; fileEncoding = 4; lastKnownFileType = sourcecode.cpp.cpp; path = ChsMesh.cpp; sourceTree = "<group>"; };
		252B3771162BF5A9003D50AC /* ChsModel.cpp */ = {isa = PBXFileReference; fileEncoding = 4; lastKnownFileType = sourcecode.cpp.cpp; path = ChsModel.cpp; sourceTree = "<group>"; };
		252B3772162BF5A9003D50AC /* ChsModelLoader.cpp */ = {isa = PBXFileReference; fileEncoding = 4; lastKnownFileType = sourcecode.cpp.cpp; path = ChsModelLoader.cpp; sourceTree = "<group>"; };
		252B3773162BF5A9003D50AC /* ChsModelManager.cpp */ = {isa = PBXFileReference; fileEncoding = 4; lastKnownFileType = sourcecode.cpp.cpp; path = ChsModelManager.cpp; sourceTree = "<group>"; };
		252B3774162BF5A9003D50AC /* ChsRenderable.cpp */ = {isa = PBXFileReference; fileEncoding = 4; lastKnownFileType = sourcecode.cpp.cpp; path = ChsRenderable.cpp; sourceTree = "<group>"; };
		252B3775162BF5A9003D50AC /* ChsRenderFactory.cpp */ = {isa = PBXFileReference; fileEncoding = 4; lastKnownFileType = sourcecode.cpp.cpp; path = ChsRenderFactory.cpp; sourceTree = "<group>"; };
		252B3776162BF5A9003D50AC /* ChsRenderNode.cpp */ = {isa = PBXFileReference; fileEncoding = 4; lastKnownFileType = sourcecode.cpp.cpp; path = ChsRenderNode.cpp; sourceTree = "<group>"; };
		252B3777162BF5A9003D50AC /* ChsRenderStates.cpp */ = {isa = PBXFileReference; fileEncoding = 4; lastKnownFileType = sourcecode.cpp.cpp; path = ChsRenderStates.cpp; sourceTree = "<group>"; };
		252B3778162BF5A9003D50AC /* ChsRenderSystem.cpp */ = {isa = PBXFileReference; fileEncoding = 4; lastKnownFileType = sourcecode.cpp.cpp; path = ChsRenderSystem.cpp; sourceTree = "<group>"; };
		252B3779162BF5A9003D50AC /* ChsResourceManager.cpp */ = {isa = PBXFileReference; fileEncoding = 4; lastKnownFileType = sourcecode.cpp.cpp; path = ChsResourceManager.cpp; sourceTree = "<group>"; };
		252B377A162BF5A9003D50AC /* ChsSingleton.cpp */ = {isa = PBXFileReference; fileEncoding = 4; lastKnownFileType = sourcecode.cpp.cpp; path = ChsSingleton.cpp; sourceTree = "<group>"; };
		252B377B162BF5A9003D50AC /* ChsSprite2D.cpp */ = {isa = PBXFileReference; fileEncoding = 4; lastKnownFileType = sourcecode.cpp.cpp; path = ChsSprite2D.cpp; sourceTree = "<group>"; };
		252B377C162BF5A9003D50AC /* ChsTexture2D.cpp */ = {isa = PBXFileReference; fileEncoding = 4; lastKnownFileType = sourcecode.cpp.cpp; path = ChsTexture2D.cpp; sourceTree = "<group>"; };
		252B377D162BF5A9003D50AC /* ChsTextureEntity.cpp */ = {isa = PBXFileReference; fileEncoding = 4; lastKnownFileType = sourcecode.cpp.cpp; path = ChsTextureEntity.cpp; sourceTree = "<group>"; };
		252B377E162BF5A9003D50AC /* ChsTextureFactory.cpp */ = {isa = PBXFileReference; fileEncoding = 4; lastKnownFileType = sourcecode.cpp.cpp; path = ChsTextureFactory.cpp; sourceTree = "<group>"; };
		252B377F162BF5A9003D50AC /* ChsTextureManager.cpp */ = {isa = PBXFileReference; fileEncoding = 4; lastKnownFileType = sourcecode.cpp.cpp; path = ChsTextureManager.cpp; sourceTree = "<group>"; };
		252B3780162BF5A9003D50AC /* ChsVertexBuffer.cpp */ = {isa = PBXFileReference; fileEncoding = 4; lastKnownFileType = sourcecode.cpp.cpp; path = ChsVertexBuffer.cpp; sourceTree = "<group>"; };
		252B3782162BF5A9003D50AC /* ChsNode.cpp */ = {isa = PBXFileReference; fileEncoding = 4; lastKnownFileType = sourcecode.cpp.cpp; path = ChsNode.cpp; sourceTree = "<group>"; };
		252B3783162BF5A9003D50AC /* ChsUtility.cpp */ = {isa = PBXFileReference; fileEncoding = 4; lastKnownFileType = sourcecode.cpp.cpp; path = ChsUtility.cpp; sourceTree = "<group>"; };
		252B3785162BF5A9003D50AC /* ChsGameBase.cpp */ = {isa = PBXFileReference; fileEncoding = 4; lastKnownFileType = sourcecode.cpp.cpp; path = ChsGameBase.cpp; sourceTree = "<group>"; };
		252B3786162BF5A9003D50AC /* ChsScene.cpp */ = {isa = PBXFileReference; fileEncoding = 4; lastKnownFileType = sourcecode.cpp.cpp; path = ChsScene.cpp; sourceTree = "<group>"; };
		252B3787162BF5A9003D50AC /* ChsSceneManager.cpp */ = {isa = PBXFileReference; fileEncoding = 4; lastKnownFileType = sourcecode.cpp.cpp; path = ChsSceneManager.cpp; sourceTree = "<group>"; };
		252B3789162BF5A9003D50AC /* ChsCoordinatePlane.cpp */ = {isa = PBXFileReference; fileEncoding = 4; lastKnownFileType = sourcecode.cpp.cpp; path = ChsCoordinatePlane.cpp; sourceTree = "<group>"; };
		252B378A162BF5A9003D50AC /* ChsCube.cpp */ = {isa = PBXFileReference; fileEncoding = 4; lastKnownFileType = sourcecode.cpp.cpp; path = ChsCube.cpp; sourceTree = "<group>"; };
		252B378B162BF5A9003D50AC /* ChsPlane.cpp */ = {isa = PBXFileReference; fileEncoding = 4; lastKnownFileType = sourcecode.cpp.cpp; path = ChsPlane.cpp; sourceTree = "<group>"; };
		252B378D162BF5A9003D50AC /* ChsHUD.cpp */ = {isa = PBXFileReference; fileEncoding = 4; lastKnownFileType = sourcecode.cpp.cpp; path = ChsHUD.cpp; sourceTree = "<group>"; };
		252B378E162BF5A9003D50AC /* ChsHUDManager.cpp */ = {isa = PBXFileReference; fileEncoding = 4; lastKnownFileType = sourcecode.cpp.cpp; path = ChsHUDManager.cpp; sourceTree = "<group>"; };
		252B3790162BF5A9003D50AC /* ChsTouchEmitter.cpp */ = {isa = PBXFileReference; fileEncoding = 4; lastKnownFileType = sourcecode.cpp.cpp; path = ChsTouchEmitter.cpp; sourceTree = "<group>"; };
		252B3791162BF5A9003D50AC /* ChsTouchListener.cpp */ = {isa = PBXFileReference; fileEncoding = 4; lastKnownFileType = sourcecode.cpp.cpp; path = ChsTouchListener.cpp; sourceTree = "<group>"; };
		252B3793162BF5A9003D50AC /* ChsMath.cpp */ = {isa = PBXFileReference; fileEncoding = 4; lastKnownFileType = sourcecode.cpp.cpp; path = ChsMath.cpp; sourceTree = "<group>"; };
		252B3794162BF5A9003D50AC /* ChsMatrix.cpp */ = {isa = PBXFileReference; fileEncoding = 4; lastKnownFileType = sourcecode.cpp.cpp; path = ChsMatrix.cpp; sourceTree = "<group>"; };
		252B3795162BF5A9003D50AC /* ChsQuaternion.cpp */ = {isa = PBXFileReference; fileEncoding = 4; lastKnownFileType = sourcecode.cpp.cpp; path = ChsQuaternion.cpp; sourceTree = "<group>"; };
		252B3796162BF5A9003D50AC /* ChsVector2.cpp */ = {isa = PBXFileReference; fileEncoding = 4; lastKnownFileType = sourcecode.cpp.cpp; path = ChsVector2.cpp; sourceTree = "<group>"; };
		252B3797162BF5A9003D50AC /* ChsVector3.cpp */ = {isa = PBXFileReference; fileEncoding = 4; lastKnownFileType = sourcecode.cpp.cpp; path = ChsVector3.cpp; sourceTree = "<group>"; };
		252B3798162BF5A9003D50AC /* ChsVector4.cpp */ = {isa = PBXFileReference; fileEncoding = 4; lastKnownFileType = sourcecode.cpp.cpp; path = ChsVector4.cpp; sourceTree = "<group>"; };
		252B379C162BF5A9003D50AC /* ChsOpenGL.cpp */ = {isa = PBXFileReference; fileEncoding = 4; lastKnownFileType = sourcecode.cpp.cpp; path = ChsOpenGL.cpp; sourceTree = "<group>"; };
		252B379E162BF5A9003D50AC /* ChsFileSystemIOS.mm */ = {isa = PBXFileReference; fileEncoding = 4; lastKnownFileType = sourcecode.cpp.objcpp; path = ChsFileSystemIOS.mm; sourceTree = "<group>"; };
		252B379F162BF5A9003D50AC /* ChsRenderSystemIOS.mm */ = {isa = PBXFileReference; fileEncoding = 4; lastKnownFileType = sourcecode.cpp.objcpp; path = ChsRenderSystemIOS.mm; sourceTree = "<group>"; };
		252B37A0162BF5A9003D50AC /* ChsSystemIOS.mm */ = {isa = PBXFileReference; fileEncoding = 4; lastKnownFileType = sourcecode.cpp.objcpp; path = ChsSystemIOS.mm; sourceTree = "<group>"; };
		252B37A1162BF5A9003D50AC /* ChsTextureFactoryIOS.mm */ = {isa = PBXFileReference; fileEncoding = 4; lastKnownFileType = sourcecode.cpp.objcpp; path = ChsTextureFactoryIOS.mm; sourceTree = "<group>"; };
		252B37A7162BF5A9003D50AC /* ChsShader.cpp */ = {isa = PBXFileReference; fileEncoding = 4; lastKnownFileType = sourcecode.cpp.cpp; path = ChsShader.cpp; sourceTree = "<group>"; };
		252B37A8162BF5A9003D50AC /* ChsShaderManager.cpp */ = {isa = PBXFileReference; fileEncoding = 4; lastKnownFileType = sourcecode.cpp.cpp; path = ChsShaderManager.cpp; sourceTree = "<group>"; };
		252B37A9162BF5A9003D50AC /* ChsShaderProgram.cpp */ = {isa = PBXFileReference; fileEncoding = 4; lastKnownFileType = sourcecode.cpp.cpp; path = ChsShaderProgram.cpp; sourceTree = "<group>"; };
		252B37AA162BF5A9003D50AC /* ChsShaderUniform.cpp */ = {isa = PBXFileReference; fileEncoding = 4; lastKnownFileType = sourcecode.cpp.cpp; path = ChsShaderUniform.cpp; sourceTree = "<group>"; };
		252B37AB162BF5A9003D50AC /* ChsShaderUniformSet.cpp */ = {isa = PBXFileReference; fileEncoding = 4; lastKnownFileType = sourcecode.cpp.cpp; path = ChsShaderUniformSet.cpp; sourceTree = "<group>"; };
		252B37B5162BF5A9003D50AC /* AppDelegate.h */ = {isa = PBXFileReference; fileEncoding = 4; lastKnownFileType = sourcecode.c.h; path = AppDelegate.h; sourceTree = "<group>"; };
		252B37B6162BF5A9003D50AC /* AppDelegate.m */ = {isa = PBXFileReference; fileEncoding = 4; lastKnownFileType = sourcecode.c.objc; path = AppDelegate.m; sourceTree = "<group>"; };
		252B37B7162BF5A9003D50AC /* Chaos-ios.pch */ = {isa = PBXFileReference; fileEncoding = 4; lastKnownFileType = sourcecode.c.h; path = "Chaos-ios.pch"; sourceTree = "<group>"; };
		252B37B8162BF5A9003D50AC /* EAGLView.h */ = {isa = PBXFileReference; fileEncoding = 4; lastKnownFileType = sourcecode.c.h; path = EAGLView.h; sourceTree = "<group>"; };
		252B37B9162BF5A9003D50AC /* EAGLView.mm */ = {isa = PBXFileReference; fileEncoding = 4; lastKnownFileType = sourcecode.cpp.objcpp; path = EAGLView.mm; sourceTree = "<group>"; };
		252B37BA162BF5A9003D50AC /* GLViewController.h */ = {isa = PBXFileReference; fileEncoding = 4; lastKnownFileType = sourcecode.c.h; path = GLViewController.h; sourceTree = "<group>"; };
		252B37BB162BF5A9003D50AC /* GLViewController.mm */ = {isa = PBXFileReference; fileEncoding = 4; lastKnownFileType = sourcecode.cpp.objcpp; path = GLViewController.mm; sourceTree = "<group>"; };
		252B37BC162BF5A9003D50AC /* main.m */ = {isa = PBXFileReference; fileEncoding = 4; lastKnownFileType = sourcecode.c.objc; path = main.m; sourceTree = "<group>"; };
		252B37BF162BF5A9003D50AC /* GameDemo.cpp */ = {isa = PBXFileReference; fileEncoding = 4; lastKnownFileType = sourcecode.cpp.cpp; path = GameDemo.cpp; sourceTree = "<group>"; };
		252B37C0162BF5A9003D50AC /* GamingScene.cpp */ = {isa = PBXFileReference; fileEncoding = 4; lastKnownFileType = sourcecode.cpp.cpp; path = GamingScene.cpp; sourceTree = "<group>"; };
		252B37C1162BF5A9003D50AC /* MainMenuScene.cpp */ = {isa = PBXFileReference; fileEncoding = 4; lastKnownFileType = sourcecode.cpp.cpp; path = MainMenuScene.cpp; sourceTree = "<group>"; };
		252B37C2162BF5A9003D50AC /* SplashScene.cpp */ = {isa = PBXFileReference; fileEncoding = 4; lastKnownFileType = sourcecode.cpp.cpp; path = SplashScene.cpp; sourceTree = "<group>"; };
		252B380C162BF5B7003D50AC /* ChsCamera.h */ = {isa = PBXFileReference; fileEncoding = 4; lastKnownFileType = sourcecode.c.h; path = ChsCamera.h; sourceTree = "<group>"; };
		252B380D162BF5B7003D50AC /* ChsModelViewCamera.h */ = {isa = PBXFileReference; fileEncoding = 4; lastKnownFileType = sourcecode.c.h; path = ChsModelViewCamera.h; sourceTree = "<group>"; };
		252B380E162BF5B7003D50AC /* Chaos.h */ = {isa = PBXFileReference; fileEncoding = 4; lastKnownFileType = sourcecode.c.h; path = Chaos.h; sourceTree = "<group>"; };
		252B380F162BF5B7003D50AC /* ChsArrayBuffer.h */ = {isa = PBXFileReference; fileEncoding = 4; lastKnownFileType = sourcecode.c.h; path = ChsArrayBuffer.h; sourceTree = "<group>"; };
		252B3810162BF5B7003D50AC /* ChsDae.h */ = {isa = PBXFileReference; fileEncoding = 4; lastKnownFileType = sourcecode.c.h; path = ChsDae.h; sourceTree = "<group>"; };
		252B3811162BF5B7003D50AC /* ChsDaeLoader.h */ = {isa = PBXFileReference; fileEncoding = 4; lastKnownFileType = sourcecode.c.h; path = ChsDaeLoader.h; sourceTree = "<group>"; };
		252B3812162BF5B7003D50AC /* ChsDefine.h */ = {isa = PBXFileReference; fileEncoding = 4; lastKnownFileType = sourcecode.c.h; path = ChsDefine.h; sourceTree = "<group>"; };
		252B3813162BF5B7003D50AC /* ChsEngine.h */ = {isa = PBXFileReference; fileEncoding = 4; lastKnownFileType = sourcecode.c.h; path = ChsEngine.h; sourceTree = "<group>"; };
		252B3814162BF5B7003D50AC /* ChsEntity.h */ = {isa = PBXFileReference; fileEncoding = 4; lastKnownFileType = sourcecode.c.h; path = ChsEntity.h; sourceTree = "<group>"; };
		252B3815162BF5B7003D50AC /* ChsEntityManager.h */ = {isa = PBXFileReference; fileEncoding = 4; lastKnownFileType = sourcecode.c.h; path = ChsEntityManager.h; sourceTree = "<group>"; };
		252B3816162BF5B7003D50AC /* ChsIndexBuffer.h */ = {isa = PBXFileReference; fileEncoding = 4; lastKnownFileType = sourcecode.c.h; path = ChsIndexBuffer.h; sourceTree = "<group>"; };
		252B3817162BF5B7003D50AC /* ChsManagerWithCache.h */ = {isa = PBXFileReference; fileEncoding = 4; lastKnownFileType = sourcecode.c.h; path = ChsManagerWithCache.h; sourceTree = "<group>"; };
		252B3818162BF5B7003D50AC /* ChsMaterial.h */ = {isa = PBXFileReference; fileEncoding = 4; lastKnownFileType = sourcecode.c.h; path = ChsMaterial.h; sourceTree = "<group>"; };
		252B3819162BF5B7003D50AC /* ChsMesh.h */ = {isa = PBXFileReference; fileEncoding = 4; lastKnownFileType = sourcecode.c.h; path = ChsMesh.h; sourceTree = "<group>"; };
		252B381A162BF5B7003D50AC /* ChsModel.h */ = {isa = PBXFileReference; fileEncoding = 4; lastKnownFileType = sourcecode.c.h; path = ChsModel.h; sourceTree = "<group>"; };
		252B381B162BF5B7003D50AC /* ChsModelLoader.h */ = {isa = PBXFileReference; fileEncoding = 4; lastKnownFileType = sourcecode.c.h; path = ChsModelLoader.h; sourceTree = "<group>"; };
		252B381C162BF5B7003D50AC /* ChsModelManager.h */ = {isa = PBXFileReference; fileEncoding = 4; lastKnownFileType = sourcecode.c.h; path = ChsModelManager.h; sourceTree = "<group>"; };
		252B381D162BF5B7003D50AC /* ChsRenderable.h */ = {isa = PBXFileReference; fileEncoding = 4; lastKnownFileType = sourcecode.c.h; path = ChsRenderable.h; sourceTree = "<group>"; };
		252B381E162BF5B7003D50AC /* ChsRenderFactory.h */ = {isa = PBXFileReference; fileEncoding = 4; lastKnownFileType = sourcecode.c.h; path = ChsRenderFactory.h; sourceTree = "<group>"; };
		252B381F162BF5B7003D50AC /* ChsRenderNode.h */ = {isa = PBXFileReference; fileEncoding = 4; lastKnownFileType = sourcecode.c.h; path = ChsRenderNode.h; sourceTree = "<group>"; };
		252B3820162BF5B7003D50AC /* ChsRenderStates.h */ = {isa = PBXFileReference; fileEncoding = 4; lastKnownFileType = sourcecode.c.h; path = ChsRenderStates.h; sourceTree = "<group>"; };
		252B3821162BF5B7003D50AC /* ChsRenderSystem.h */ = {isa = PBXFileReference; fileEncoding = 4; lastKnownFileType = sourcecode.c.h; path = ChsRenderSystem.h; sourceTree = "<group>"; };
		252B3822162BF5B7003D50AC /* ChsResourceManager.h */ = {isa = PBXFileReference; fileEncoding = 4; lastKnownFileType = sourcecode.c.h; path = ChsResourceManager.h; sourceTree = "<group>"; };
		252B3823162BF5B7003D50AC /* ChsSprite2D.h */ = {isa = PBXFileReference; fileEncoding = 4; lastKnownFileType = sourcecode.c.h; path = ChsSprite2D.h; sourceTree = "<group>"; };
		252B3824162BF5B7003D50AC /* ChsTexture2D.h */ = {isa = PBXFileReference; fileEncoding = 4; lastKnownFileType = sourcecode.c.h; path = ChsTexture2D.h; sourceTree = "<group>"; };
		252B3825162BF5B7003D50AC /* ChsTextureEntity.h */ = {isa = PBXFileReference; fileEncoding = 4; lastKnownFileType = sourcecode.c.h; path = ChsTextureEntity.h; sourceTree = "<group>"; };
		252B3826162BF5B7003D50AC /* ChsTextureFactory.h */ = {isa = PBXFileReference; fileEncoding = 4; lastKnownFileType = sourcecode.c.h; path = ChsTextureFactory.h; sourceTree = "<group>"; };
		252B3827162BF5B7003D50AC /* ChsTextureManager.h */ = {isa = PBXFileReference; fileEncoding = 4; lastKnownFileType = sourcecode.c.h; path = ChsTextureManager.h; sourceTree = "<group>"; };
		252B3828162BF5B7003D50AC /* ChsVertexBuffer.h */ = {isa = PBXFileReference; fileEncoding = 4; lastKnownFileType = sourcecode.c.h; path = ChsVertexBuffer.h; sourceTree = "<group>"; };
		252B382A162BF5B7003D50AC /* ChsClassFactory.h */ = {isa = PBXFileReference; fileEncoding = 4; lastKnownFileType = sourcecode.c.h; path = ChsClassFactory.h; sourceTree = "<group>"; };
		252B382B162BF5B7003D50AC /* ChsDynamicClass.h */ = {isa = PBXFileReference; fileEncoding = 4; lastKnownFileType = sourcecode.c.h; path = ChsDynamicClass.h; sourceTree = "<group>"; };
		252B382C162BF5B7003D50AC /* ChsNode.h */ = {isa = PBXFileReference; fileEncoding = 4; lastKnownFileType = sourcecode.c.h; path = ChsNode.h; sourceTree = "<group>"; };
		252B382D162BF5B7003D50AC /* ChsSingleton.h */ = {isa = PBXFileReference; fileEncoding = 4; lastKnownFileType = sourcecode.c.h; path = ChsSingleton.h; sourceTree = "<group>"; };
		252B382E162BF5B7003D50AC /* ChsUtility.h */ = {isa = PBXFileReference; fileEncoding = 4; lastKnownFileType = sourcecode.c.h; path = ChsUtility.h; sourceTree = "<group>"; };
		252B3830162BF5B7003D50AC /* ChsGameBase.h */ = {isa = PBXFileReference; fileEncoding = 4; lastKnownFileType = sourcecode.c.h; path = ChsGameBase.h; sourceTree = "<group>"; };
		252B3831162BF5B7003D50AC /* ChsScene.h */ = {isa = PBXFileReference; fileEncoding = 4; lastKnownFileType = sourcecode.c.h; path = ChsScene.h; sourceTree = "<group>"; };
		252B3832162BF5B7003D50AC /* ChsSceneManager.h */ = {isa = PBXFileReference; fileEncoding = 4; lastKnownFileType = sourcecode.c.h; path = ChsSceneManager.h; sourceTree = "<group>"; };
		252B3834162BF5B7003D50AC /* ChsCoordinatePlane.h */ = {isa = PBXFileReference; fileEncoding = 4; lastKnownFileType = sourcecode.c.h; path = ChsCoordinatePlane.h; sourceTree = "<group>"; };
		252B3835162BF5B7003D50AC /* ChsCube.h */ = {isa = PBXFileReference; fileEncoding = 4; lastKnownFileType = sourcecode.c.h; path = ChsCube.h; sourceTree = "<group>"; };
		252B3836162BF5B7003D50AC /* ChsPlane.h */ = {isa = PBXFileReference; fileEncoding = 4; lastKnownFileType = sourcecode.c.h; path = ChsPlane.h; sourceTree = "<group>"; };
		252B3838162BF5B7003D50AC /* ChsHUD.h */ = {isa = PBXFileReference; fileEncoding = 4; lastKnownFileType = sourcecode.c.h; path = ChsHUD.h; sourceTree = "<group>"; };
		252B3839162BF5B7003D50AC /* ChsHUDManager.h */ = {isa = PBXFileReference; fileEncoding = 4; lastKnownFileType = sourcecode.c.h; path = ChsHUDManager.h; sourceTree = "<group>"; };
		252B383B162BF5B7003D50AC /* ChsFileSystem.h */ = {isa = PBXFileReference; fileEncoding = 4; lastKnownFileType = sourcecode.c.h; path = ChsFileSystem.h; sourceTree = "<group>"; };
		252B383C162BF5B7003D50AC /* ChsTouchEmitter.h */ = {isa = PBXFileReference; fileEncoding = 4; lastKnownFileType = sourcecode.c.h; path = ChsTouchEmitter.h; sourceTree = "<group>"; };
		252B383D162BF5B7003D50AC /* ChsTouchListener.h */ = {isa = PBXFileReference; fileEncoding = 4; lastKnownFileType = sourcecode.c.h; path = ChsTouchListener.h; sourceTree = "<group>"; };
		252B383F162BF5B7003D50AC /* ChsMath.h */ = {isa = PBXFileReference; fileEncoding = 4; lastKnownFileType = sourcecode.c.h; path = ChsMath.h; sourceTree = "<group>"; };
		252B3840162BF5B7003D50AC /* ChsMatrix.h */ = {isa = PBXFileReference; fileEncoding = 4; lastKnownFileType = sourcecode.c.h; path = ChsMatrix.h; sourceTree = "<group>"; };
		252B3841162BF5B7003D50AC /* ChsQuaternion.h */ = {isa = PBXFileReference; fileEncoding = 4; lastKnownFileType = sourcecode.c.h; path = ChsQuaternion.h; sourceTree = "<group>"; };
		252B3842162BF5B7003D50AC /* ChsVector2.h */ = {isa = PBXFileReference; fileEncoding = 4; lastKnownFileType = sourcecode.c.h; path = ChsVector2.h; sourceTree = "<group>"; };
		252B3843162BF5B7003D50AC /* ChsVector3.h */ = {isa = PBXFileReference; fileEncoding = 4; lastKnownFileType = sourcecode.c.h; path = ChsVector3.h; sourceTree = "<group>"; };
		252B3844162BF5B7003D50AC /* ChsVector4.h */ = {isa = PBXFileReference; fileEncoding = 4; lastKnownFileType = sourcecode.c.h; path = ChsVector4.h; sourceTree = "<group>"; };
		252B3847162BF5B7003D50AC /* ChsRenderSystemAndroid.h */ = {isa = PBXFileReference; fileEncoding = 4; lastKnownFileType = sourcecode.c.h; path = ChsRenderSystemAndroid.h; sourceTree = "<group>"; };
		252B3848162BF5B7003D50AC /* ChsOpenGL.h */ = {isa = PBXFileReference; fileEncoding = 4; lastKnownFileType = sourcecode.c.h; path = ChsOpenGL.h; sourceTree = "<group>"; };
		252B3849162BF5B7003D50AC /* ChsSystem.h */ = {isa = PBXFileReference; fileEncoding = 4; lastKnownFileType = sourcecode.c.h; path = ChsSystem.h; sourceTree = "<group>"; };
		252B384B162BF5B7003D50AC /* ChsFileSystemIOS.h */ = {isa = PBXFileReference; fileEncoding = 4; lastKnownFileType = sourcecode.c.h; path = ChsFileSystemIOS.h; sourceTree = "<group>"; };
		252B384C162BF5B7003D50AC /* ChsRenderSystemIOS.h */ = {isa = PBXFileReference; fileEncoding = 4; lastKnownFileType = sourcecode.c.h; path = ChsRenderSystemIOS.h; sourceTree = "<group>"; };
		252B384D162BF5B7003D50AC /* ChsTextureFactoryIOS.h */ = {isa = PBXFileReference; fileEncoding = 4; lastKnownFileType = sourcecode.c.h; path = ChsTextureFactoryIOS.h; sourceTree = "<group>"; };
		252B384F162BF5B7003D50AC /* ChsFileSystemWindows.h */ = {isa = PBXFileReference; fileEncoding = 4; lastKnownFileType = sourcecode.c.h; path = ChsFileSystemWindows.h; sourceTree = "<group>"; };
		252B3850162BF5B7003D50AC /* ChsRenderSystemWindows.h */ = {isa = PBXFileReference; fileEncoding = 4; lastKnownFileType = sourcecode.c.h; path = ChsRenderSystemWindows.h; sourceTree = "<group>"; };
		252B3851162BF5B7003D50AC /* ChsTextureFactoryWindows.h */ = {isa = PBXFileReference; fileEncoding = 4; lastKnownFileType = sourcecode.c.h; path = ChsTextureFactoryWindows.h; sourceTree = "<group>"; };
		252B3853162BF5B7003D50AC /* ChsShader.h */ = {isa = PBXFileReference; fileEncoding = 4; lastKnownFileType = sourcecode.c.h; path = ChsShader.h; sourceTree = "<group>"; };
		252B3854162BF5B7003D50AC /* ChsShaderManager.h */ = {isa = PBXFileReference; fileEncoding = 4; lastKnownFileType = sourcecode.c.h; path = ChsShaderManager.h; sourceTree = "<group>"; };
		252B3855162BF5B7003D50AC /* ChsShaderProgram.h */ = {isa = PBXFileReference; fileEncoding = 4; lastKnownFileType = sourcecode.c.h; path = ChsShaderProgram.h; sourceTree = "<group>"; };
		252B3856162BF5B7003D50AC /* ChsShaderUniform.h */ = {isa = PBXFileReference; fileEncoding = 4; lastKnownFileType = sourcecode.c.h; path = ChsShaderUniform.h; sourceTree = "<group>"; };
		252B3857162BF5B7003D50AC /* ChsShaderUniformSet.h */ = {isa = PBXFileReference; fileEncoding = 4; lastKnownFileType = sourcecode.c.h; path = ChsShaderUniformSet.h; sourceTree = "<group>"; };
		252B385E162BF710003D50AC /* tinyxml2.h */ = {isa = PBXFileReference; lastKnownFileType = sourcecode.c.h; name = tinyxml2.h; path = libs/tinyxml2/tinyxml2.h; sourceTree = SOURCE_ROOT; };
		252B385F162BF719003D50AC /* tinyxml2.cpp */ = {isa = PBXFileReference; fileEncoding = 4; lastKnownFileType = sourcecode.cpp.cpp; name = tinyxml2.cpp; path = libs/tinyxml2/tinyxml2.cpp; sourceTree = SOURCE_ROOT; };
		252B3880162BFA91003D50AC /* libChaosEngine.dylib */ = {isa = PBXFileReference; explicitFileType = "compiled.mach-o.dylib"; includeInIndex = 0; path = libChaosEngine.dylib; sourceTree = BUILT_PRODUCTS_DIR; };
		252B3899162BFF86003D50AC /* libChaosEngine_s.a */ = {isa = PBXFileReference; explicitFileType = archive.ar; includeInIndex = 0; path = libChaosEngine_s.a; sourceTree = BUILT_PRODUCTS_DIR; };
		25737B7D164409A700FB233C /* TransTestScene.cpp */ = {isa = PBXFileReference; fileEncoding = 4; lastKnownFileType = sourcecode.cpp.cpp; path = TransTestScene.cpp; sourceTree = "<group>"; };
		25DBE6FE17E76526000A3AA4 /* GameDemo.h */ = {isa = PBXFileReference; fileEncoding = 4; lastKnownFileType = sourcecode.c.h; path = GameDemo.h; sourceTree = "<group>"; };
		25DBE6FF17E76526000A3AA4 /* GamingScene.h */ = {isa = PBXFileReference; fileEncoding = 4; lastKnownFileType = sourcecode.c.h; path = GamingScene.h; sourceTree = "<group>"; };
		25DBE70017E76526000A3AA4 /* MainMenuScene.h */ = {isa = PBXFileReference; fileEncoding = 4; lastKnownFileType = sourcecode.c.h; path = MainMenuScene.h; sourceTree = "<group>"; };
		25DBE70117E76526000A3AA4 /* SplashScene.h */ = {isa = PBXFileReference; fileEncoding = 4; lastKnownFileType = sourcecode.c.h; path = SplashScene.h; sourceTree = "<group>"; };
		25DBE70217E76526000A3AA4 /* TransTestScene.h */ = {isa = PBXFileReference; fileEncoding = 4; lastKnownFileType = sourcecode.c.h; path = TransTestScene.h; sourceTree = "<group>"; };
		749D79E214ECD77A0046F2D9 /* OpenGLES.framework */ = {isa = PBXFileReference; lastKnownFileType = wrapper.framework; name = OpenGLES.framework; path = System/Library/Frameworks/OpenGLES.framework; sourceTree = SDKROOT; };
		749D79EF14ECE5690046F2D9 /* QuartzCore.framework */ = {isa = PBXFileReference; lastKnownFileType = wrapper.framework; name = QuartzCore.framework; path = System/Library/Frameworks/QuartzCore.framework; sourceTree = SDKROOT; };
		74E047C114ECC88B0024586A /* Chaos.app */ = {isa = PBXFileReference; explicitFileType = wrapper.application; includeInIndex = 0; path = Chaos.app; sourceTree = BUILT_PRODUCTS_DIR; };
		74E047C514ECC88B0024586A /* UIKit.framework */ = {isa = PBXFileReference; lastKnownFileType = wrapper.framework; name = UIKit.framework; path = System/Library/Frameworks/UIKit.framework; sourceTree = SDKROOT; };
		74E047C714ECC88B0024586A /* Foundation.framework */ = {isa = PBXFileReference; lastKnownFileType = wrapper.framework; name = Foundation.framework; path = System/Library/Frameworks/Foundation.framework; sourceTree = SDKROOT; };
		74E047EB14ECCA690024586A /* MainStoryboard_iPad.storyboard */ = {isa = PBXFileReference; fileEncoding = 4; lastKnownFileType = file.storyboard; name = MainStoryboard_iPad.storyboard; path = view/MainStoryboard_iPad.storyboard; sourceTree = "<group>"; };
		74E047EC14ECCA690024586A /* MainStoryboard_iPhone.storyboard */ = {isa = PBXFileReference; fileEncoding = 4; lastKnownFileType = file.storyboard; name = MainStoryboard_iPhone.storyboard; path = view/MainStoryboard_iPhone.storyboard; sourceTree = "<group>"; };
		74E047FD14ECCD880024586A /* en */ = {isa = PBXFileReference; lastKnownFileType = text.plist.strings; name = en; path = InfoPlist.strings; sourceTree = "<group>"; };
		74E047FF14ECCE020024586A /* Chaos-Info.plist */ = {isa = PBXFileReference; fileEncoding = 4; lastKnownFileType = text.plist.xml; path = "Chaos-Info.plist"; sourceTree = "<group>"; };
		74E8B3C2157742C2004CCCD6 /* shaders */ = {isa = PBXFileReference; lastKnownFileType = folder; path = shaders; sourceTree = "<group>"; };
		74E8B3C415774387004CCCD6 /* assets */ = {isa = PBXFileReference; lastKnownFileType = folder; path = assets; sourceTree = "<group>"; };
		74EE3A641517147600FC9420 /* CoreGraphics.framework */ = {isa = PBXFileReference; lastKnownFileType = wrapper.framework; name = CoreGraphics.framework; path = System/Library/Frameworks/CoreGraphics.framework; sourceTree = SDKROOT; };
/* End PBXFileReference section */

/* Begin PBXFrameworksBuildPhase section */
		252B387D162BFA91003D50AC /* Frameworks */ = {
			isa = PBXFrameworksBuildPhase;
			buildActionMask = 2147483647;
			files = (
			);
			runOnlyForDeploymentPostprocessing = 0;
		};
		252B3896162BFF86003D50AC /* Frameworks */ = {
			isa = PBXFrameworksBuildPhase;
			buildActionMask = 2147483647;
			files = (
			);
			runOnlyForDeploymentPostprocessing = 0;
		};
		74E047BE14ECC88B0024586A /* Frameworks */ = {
			isa = PBXFrameworksBuildPhase;
			buildActionMask = 2147483647;
			files = (
				74E047C614ECC88B0024586A /* UIKit.framework in Frameworks */,
				74E047C814ECC88B0024586A /* Foundation.framework in Frameworks */,
				749D79E314ECD77A0046F2D9 /* OpenGLES.framework in Frameworks */,
				749D79F014ECE5690046F2D9 /* QuartzCore.framework in Frameworks */,
				74EE3A651517147600FC9420 /* CoreGraphics.framework in Frameworks */,
			);
			runOnlyForDeploymentPostprocessing = 0;
		};
/* End PBXFrameworksBuildPhase section */

/* Begin PBXGroup section */
		252B3764162BF5A9003D50AC /* src */ = {
			isa = PBXGroup;
			children = (
				252B385C162BF6F6003D50AC /* tinyxml */,
				252B3765162BF5A9003D50AC /* chaos */,
				252B37AC162BF5A9003D50AC /* entrance */,
				25DBE6FE17E76526000A3AA4 /* GameDemo.h */,
				252B37BF162BF5A9003D50AC /* GameDemo.cpp */,
				25DBE6FF17E76526000A3AA4 /* GamingScene.h */,
				252B37C0162BF5A9003D50AC /* GamingScene.cpp */,
				25DBE70017E76526000A3AA4 /* MainMenuScene.h */,
				252B37C1162BF5A9003D50AC /* MainMenuScene.cpp */,
				25DBE70117E76526000A3AA4 /* SplashScene.h */,
				252B37C2162BF5A9003D50AC /* SplashScene.cpp */,
				25DBE70217E76526000A3AA4 /* TransTestScene.h */,
				25737B7D164409A700FB233C /* TransTestScene.cpp */,
			);
			path = src;
			sourceTree = "<group>";
		};
		252B3765162BF5A9003D50AC /* chaos */ = {
			isa = PBXGroup;
			children = (
				252B3766162BF5A9003D50AC /* camera */,
				252B3769162BF5A9003D50AC /* ChsArrayBuffer.cpp */,
				252B376A162BF5A9003D50AC /* ChsDaeLoader.cpp */,
				252B376B162BF5A9003D50AC /* ChsEngine.cpp */,
				252B376C162BF5A9003D50AC /* ChsEntity.cpp */,
				252B376D162BF5A9003D50AC /* ChsEntityManager.cpp */,
				252B376E162BF5A9003D50AC /* ChsIndexBuffer.cpp */,
				252B376F162BF5A9003D50AC /* ChsMaterial.cpp */,
				252B3770162BF5A9003D50AC /* ChsMesh.cpp */,
				252B3771162BF5A9003D50AC /* ChsModel.cpp */,
				252B3772162BF5A9003D50AC /* ChsModelLoader.cpp */,
				252B3773162BF5A9003D50AC /* ChsModelManager.cpp */,
				252B3774162BF5A9003D50AC /* ChsRenderable.cpp */,
				252B3775162BF5A9003D50AC /* ChsRenderFactory.cpp */,
				252B3776162BF5A9003D50AC /* ChsRenderNode.cpp */,
				252B3777162BF5A9003D50AC /* ChsRenderStates.cpp */,
				252B3778162BF5A9003D50AC /* ChsRenderSystem.cpp */,
				252B3779162BF5A9003D50AC /* ChsResourceManager.cpp */,
				252B377A162BF5A9003D50AC /* ChsSingleton.cpp */,
				252B377B162BF5A9003D50AC /* ChsSprite2D.cpp */,
				252B377C162BF5A9003D50AC /* ChsTexture2D.cpp */,
				252B377D162BF5A9003D50AC /* ChsTextureEntity.cpp */,
				252B377E162BF5A9003D50AC /* ChsTextureFactory.cpp */,
				252B377F162BF5A9003D50AC /* ChsTextureManager.cpp */,
				252B3780162BF5A9003D50AC /* ChsVertexBuffer.cpp */,
				252B3781162BF5A9003D50AC /* core */,
				252B3784162BF5A9003D50AC /* framework */,
				252B3788162BF5A9003D50AC /* geometry */,
				252B378C162BF5A9003D50AC /* hud */,
				252B378F162BF5A9003D50AC /* io */,
				252B3792162BF5A9003D50AC /* math */,
				252B3799162BF5A9003D50AC /* platform */,
				252B37A6162BF5A9003D50AC /* shader */,
			);
			path = chaos;
			sourceTree = "<group>";
		};
		252B3766162BF5A9003D50AC /* camera */ = {
			isa = PBXGroup;
			children = (
				252B3767162BF5A9003D50AC /* ChsCamera.cpp */,
				252B3768162BF5A9003D50AC /* ChsModelViewCamera.cpp */,
			);
			path = camera;
			sourceTree = "<group>";
		};
		252B3781162BF5A9003D50AC /* core */ = {
			isa = PBXGroup;
			children = (
				252B3782162BF5A9003D50AC /* ChsNode.cpp */,
				252B3783162BF5A9003D50AC /* ChsUtility.cpp */,
			);
			path = core;
			sourceTree = "<group>";
		};
		252B3784162BF5A9003D50AC /* framework */ = {
			isa = PBXGroup;
			children = (
				252B3785162BF5A9003D50AC /* ChsGameBase.cpp */,
				252B3786162BF5A9003D50AC /* ChsScene.cpp */,
				252B3787162BF5A9003D50AC /* ChsSceneManager.cpp */,
			);
			path = framework;
			sourceTree = "<group>";
		};
		252B3788162BF5A9003D50AC /* geometry */ = {
			isa = PBXGroup;
			children = (
				252B3789162BF5A9003D50AC /* ChsCoordinatePlane.cpp */,
				252B378A162BF5A9003D50AC /* ChsCube.cpp */,
				252B378B162BF5A9003D50AC /* ChsPlane.cpp */,
			);
			path = geometry;
			sourceTree = "<group>";
		};
		252B378C162BF5A9003D50AC /* hud */ = {
			isa = PBXGroup;
			children = (
				252B378D162BF5A9003D50AC /* ChsHUD.cpp */,
				252B378E162BF5A9003D50AC /* ChsHUDManager.cpp */,
			);
			path = hud;
			sourceTree = "<group>";
		};
		252B378F162BF5A9003D50AC /* io */ = {
			isa = PBXGroup;
			children = (
				252B3790162BF5A9003D50AC /* ChsTouchEmitter.cpp */,
				252B3791162BF5A9003D50AC /* ChsTouchListener.cpp */,
			);
			path = io;
			sourceTree = "<group>";
		};
		252B3792162BF5A9003D50AC /* math */ = {
			isa = PBXGroup;
			children = (
				252B3793162BF5A9003D50AC /* ChsMath.cpp */,
				252B3794162BF5A9003D50AC /* ChsMatrix.cpp */,
				252B3795162BF5A9003D50AC /* ChsQuaternion.cpp */,
				252B3796162BF5A9003D50AC /* ChsVector2.cpp */,
				252B3797162BF5A9003D50AC /* ChsVector3.cpp */,
				252B3798162BF5A9003D50AC /* ChsVector4.cpp */,
			);
			path = math;
			sourceTree = "<group>";
		};
		252B3799162BF5A9003D50AC /* platform */ = {
			isa = PBXGroup;
			children = (
				252B379C162BF5A9003D50AC /* ChsOpenGL.cpp */,
				252B379D162BF5A9003D50AC /* ios */,
			);
			path = platform;
			sourceTree = "<group>";
		};
		252B379D162BF5A9003D50AC /* ios */ = {
			isa = PBXGroup;
			children = (
				252B379E162BF5A9003D50AC /* ChsFileSystemIOS.mm */,
				252B379F162BF5A9003D50AC /* ChsRenderSystemIOS.mm */,
				252B37A0162BF5A9003D50AC /* ChsSystemIOS.mm */,
				252B37A1162BF5A9003D50AC /* ChsTextureFactoryIOS.mm */,
			);
			path = ios;
			sourceTree = "<group>";
		};
		252B37A6162BF5A9003D50AC /* shader */ = {
			isa = PBXGroup;
			children = (
				252B37A7162BF5A9003D50AC /* ChsShader.cpp */,
				252B37A8162BF5A9003D50AC /* ChsShaderManager.cpp */,
				252B37A9162BF5A9003D50AC /* ChsShaderProgram.cpp */,
				252B37AA162BF5A9003D50AC /* ChsShaderUniform.cpp */,
				252B37AB162BF5A9003D50AC /* ChsShaderUniformSet.cpp */,
			);
			path = shader;
			sourceTree = "<group>";
		};
		252B37AC162BF5A9003D50AC /* entrance */ = {
			isa = PBXGroup;
			children = (
				252B37B4162BF5A9003D50AC /* ios */,
			);
			path = entrance;
			sourceTree = "<group>";
		};
		252B37B4162BF5A9003D50AC /* ios */ = {
			isa = PBXGroup;
			children = (
				252B37B5162BF5A9003D50AC /* AppDelegate.h */,
				252B37B6162BF5A9003D50AC /* AppDelegate.m */,
				252B37B7162BF5A9003D50AC /* Chaos-ios.pch */,
				252B37B8162BF5A9003D50AC /* EAGLView.h */,
				252B37B9162BF5A9003D50AC /* EAGLView.mm */,
				252B37BA162BF5A9003D50AC /* GLViewController.h */,
				252B37BB162BF5A9003D50AC /* GLViewController.mm */,
				252B37BC162BF5A9003D50AC /* main.m */,
			);
			path = ios;
			sourceTree = "<group>";
		};
		252B3809162BF5B7003D50AC /* include */ = {
			isa = PBXGroup;
			children = (
				252B385D162BF702003D50AC /* tinyxml */,
				252B380A162BF5B7003D50AC /* chaos */,
			);
			path = include;
			sourceTree = "<group>";
		};
		252B380A162BF5B7003D50AC /* chaos */ = {
			isa = PBXGroup;
			children = (
				252B380B162BF5B7003D50AC /* camera */,
				252B380E162BF5B7003D50AC /* Chaos.h */,
				252B380F162BF5B7003D50AC /* ChsArrayBuffer.h */,
				252B3810162BF5B7003D50AC /* ChsDae.h */,
				252B3811162BF5B7003D50AC /* ChsDaeLoader.h */,
				252B3812162BF5B7003D50AC /* ChsDefine.h */,
				252B3813162BF5B7003D50AC /* ChsEngine.h */,
				252B3814162BF5B7003D50AC /* ChsEntity.h */,
				252B3815162BF5B7003D50AC /* ChsEntityManager.h */,
				252B3816162BF5B7003D50AC /* ChsIndexBuffer.h */,
				252B3817162BF5B7003D50AC /* ChsManagerWithCache.h */,
				252B3818162BF5B7003D50AC /* ChsMaterial.h */,
				252B3819162BF5B7003D50AC /* ChsMesh.h */,
				252B381A162BF5B7003D50AC /* ChsModel.h */,
				252B381B162BF5B7003D50AC /* ChsModelLoader.h */,
				252B381C162BF5B7003D50AC /* ChsModelManager.h */,
				252B381D162BF5B7003D50AC /* ChsRenderable.h */,
				252B381E162BF5B7003D50AC /* ChsRenderFactory.h */,
				252B381F162BF5B7003D50AC /* ChsRenderNode.h */,
				252B3820162BF5B7003D50AC /* ChsRenderStates.h */,
				252B3821162BF5B7003D50AC /* ChsRenderSystem.h */,
				252B3822162BF5B7003D50AC /* ChsResourceManager.h */,
				252B3823162BF5B7003D50AC /* ChsSprite2D.h */,
				252B3824162BF5B7003D50AC /* ChsTexture2D.h */,
				252B3825162BF5B7003D50AC /* ChsTextureEntity.h */,
				252B3826162BF5B7003D50AC /* ChsTextureFactory.h */,
				252B3827162BF5B7003D50AC /* ChsTextureManager.h */,
				252B3828162BF5B7003D50AC /* ChsVertexBuffer.h */,
				252B3829162BF5B7003D50AC /* core */,
				252B382F162BF5B7003D50AC /* framework */,
				252B3833162BF5B7003D50AC /* geometry */,
				252B3837162BF5B7003D50AC /* hud */,
				252B383A162BF5B7003D50AC /* io */,
				252B383E162BF5B7003D50AC /* math */,
				252B3845162BF5B7003D50AC /* platform */,
				252B3852162BF5B7003D50AC /* shader */,
			);
			path = chaos;
			sourceTree = "<group>";
		};
		252B380B162BF5B7003D50AC /* camera */ = {
			isa = PBXGroup;
			children = (
				252B380C162BF5B7003D50AC /* ChsCamera.h */,
				252B380D162BF5B7003D50AC /* ChsModelViewCamera.h */,
			);
			path = camera;
			sourceTree = "<group>";
		};
		252B3829162BF5B7003D50AC /* core */ = {
			isa = PBXGroup;
			children = (
				252B382A162BF5B7003D50AC /* ChsClassFactory.h */,
				252B382B162BF5B7003D50AC /* ChsDynamicClass.h */,
				252B382C162BF5B7003D50AC /* ChsNode.h */,
				252B382D162BF5B7003D50AC /* ChsSingleton.h */,
				252B382E162BF5B7003D50AC /* ChsUtility.h */,
			);
			path = core;
			sourceTree = "<group>";
		};
		252B382F162BF5B7003D50AC /* framework */ = {
			isa = PBXGroup;
			children = (
				252B3830162BF5B7003D50AC /* ChsGameBase.h */,
				252B3831162BF5B7003D50AC /* ChsScene.h */,
				252B3832162BF5B7003D50AC /* ChsSceneManager.h */,
			);
			path = framework;
			sourceTree = "<group>";
		};
		252B3833162BF5B7003D50AC /* geometry */ = {
			isa = PBXGroup;
			children = (
				252B3834162BF5B7003D50AC /* ChsCoordinatePlane.h */,
				252B3835162BF5B7003D50AC /* ChsCube.h */,
				252B3836162BF5B7003D50AC /* ChsPlane.h */,
			);
			path = geometry;
			sourceTree = "<group>";
		};
		252B3837162BF5B7003D50AC /* hud */ = {
			isa = PBXGroup;
			children = (
				252B3838162BF5B7003D50AC /* ChsHUD.h */,
				252B3839162BF5B7003D50AC /* ChsHUDManager.h */,
			);
			path = hud;
			sourceTree = "<group>";
		};
		252B383A162BF5B7003D50AC /* io */ = {
			isa = PBXGroup;
			children = (
				252B383B162BF5B7003D50AC /* ChsFileSystem.h */,
				252B383C162BF5B7003D50AC /* ChsTouchEmitter.h */,
				252B383D162BF5B7003D50AC /* ChsTouchListener.h */,
			);
			path = io;
			sourceTree = "<group>";
		};
		252B383E162BF5B7003D50AC /* math */ = {
			isa = PBXGroup;
			children = (
				252B383F162BF5B7003D50AC /* ChsMath.h */,
				252B3840162BF5B7003D50AC /* ChsMatrix.h */,
				252B3841162BF5B7003D50AC /* ChsQuaternion.h */,
				252B3842162BF5B7003D50AC /* ChsVector2.h */,
				252B3843162BF5B7003D50AC /* ChsVector3.h */,
				252B3844162BF5B7003D50AC /* ChsVector4.h */,
			);
			path = math;
			sourceTree = "<group>";
		};
		252B3845162BF5B7003D50AC /* platform */ = {
			isa = PBXGroup;
			children = (
				252B3846162BF5B7003D50AC /* android */,
				252B3848162BF5B7003D50AC /* ChsOpenGL.h */,
				252B3849162BF5B7003D50AC /* ChsSystem.h */,
				252B384A162BF5B7003D50AC /* ios */,
				252B384E162BF5B7003D50AC /* windows */,
			);
			path = platform;
			sourceTree = "<group>";
		};
		252B3846162BF5B7003D50AC /* android */ = {
			isa = PBXGroup;
			children = (
				252B3847162BF5B7003D50AC /* ChsRenderSystemAndroid.h */,
			);
			path = android;
			sourceTree = "<group>";
		};
		252B384A162BF5B7003D50AC /* ios */ = {
			isa = PBXGroup;
			children = (
				252B384B162BF5B7003D50AC /* ChsFileSystemIOS.h */,
				252B384C162BF5B7003D50AC /* ChsRenderSystemIOS.h */,
				252B384D162BF5B7003D50AC /* ChsTextureFactoryIOS.h */,
			);
			path = ios;
			sourceTree = "<group>";
		};
		252B384E162BF5B7003D50AC /* windows */ = {
			isa = PBXGroup;
			children = (
				252B384F162BF5B7003D50AC /* ChsFileSystemWindows.h */,
				252B3850162BF5B7003D50AC /* ChsRenderSystemWindows.h */,
				252B3851162BF5B7003D50AC /* ChsTextureFactoryWindows.h */,
			);
			path = windows;
			sourceTree = "<group>";
		};
		252B3852162BF5B7003D50AC /* shader */ = {
			isa = PBXGroup;
			children = (
				252B3853162BF5B7003D50AC /* ChsShader.h */,
				252B3854162BF5B7003D50AC /* ChsShaderManager.h */,
				252B3855162BF5B7003D50AC /* ChsShaderProgram.h */,
				252B3856162BF5B7003D50AC /* ChsShaderUniform.h */,
				252B3857162BF5B7003D50AC /* ChsShaderUniformSet.h */,
			);
			path = shader;
			sourceTree = "<group>";
		};
		252B385C162BF6F6003D50AC /* tinyxml */ = {
			isa = PBXGroup;
			children = (
				252B385F162BF719003D50AC /* tinyxml2.cpp */,
			);
			name = tinyxml;
			sourceTree = "<group>";
		};
		252B385D162BF702003D50AC /* tinyxml */ = {
			isa = PBXGroup;
			children = (
				252B385E162BF710003D50AC /* tinyxml2.h */,
			);
			name = tinyxml;
			sourceTree = "<group>";
		};
		74E047B614ECC88B0024586A = {
			isa = PBXGroup;
			children = (
				252B3809162BF5B7003D50AC /* include */,
				252B3764162BF5A9003D50AC /* src */,
				74E047FF14ECCE020024586A /* Chaos-Info.plist */,
				74E8B3C415774387004CCCD6 /* assets */,
				74E8B3C2157742C2004CCCD6 /* shaders */,
				74E047FA14ECCABA0024586A /* localization */,
				74E047E914ECCA590024586A /* view */,
				74E047C414ECC88B0024586A /* Frameworks */,
				74E047C214ECC88B0024586A /* Products */,
			);
			sourceTree = "<group>";
		};
		74E047C214ECC88B0024586A /* Products */ = {
			isa = PBXGroup;
			children = (
				74E047C114ECC88B0024586A /* Chaos.app */,
				252B3880162BFA91003D50AC /* libChaosEngine.dylib */,
				252B3899162BFF86003D50AC /* libChaosEngine_s.a */,
			);
			name = Products;
			sourceTree = "<group>";
		};
		74E047C414ECC88B0024586A /* Frameworks */ = {
			isa = PBXGroup;
			children = (
				74EE3A641517147600FC9420 /* CoreGraphics.framework */,
				749D79EF14ECE5690046F2D9 /* QuartzCore.framework */,
				749D79E214ECD77A0046F2D9 /* OpenGLES.framework */,
				74E047C514ECC88B0024586A /* UIKit.framework */,
				74E047C714ECC88B0024586A /* Foundation.framework */,
			);
			name = Frameworks;
			sourceTree = "<group>";
		};
		74E047E914ECCA590024586A /* view */ = {
			isa = PBXGroup;
			children = (
				74E047EB14ECCA690024586A /* MainStoryboard_iPad.storyboard */,
				74E047EC14ECCA690024586A /* MainStoryboard_iPhone.storyboard */,
			);
			name = view;
			sourceTree = "<group>";
		};
		74E047FA14ECCABA0024586A /* localization */ = {
			isa = PBXGroup;
			children = (
				74E047FB14ECCD880024586A /* en.lproj */,
			);
			name = localization;
			sourceTree = "<group>";
		};
		74E047FB14ECCD880024586A /* en.lproj */ = {
			isa = PBXGroup;
			children = (
				74E047FC14ECCD880024586A /* InfoPlist.strings */,
			);
			name = en.lproj;
			path = localization/en.lproj;
			sourceTree = "<group>";
		};
/* End PBXGroup section */

/* Begin PBXHeadersBuildPhase section */
		252B387E162BFA91003D50AC /* Headers */ = {
			isa = PBXHeadersBuildPhase;
			buildActionMask = 2147483647;
			files = (
			);
			runOnlyForDeploymentPostprocessing = 0;
		};
		252B3897162BFF86003D50AC /* Headers */ = {
			isa = PBXHeadersBuildPhase;
			buildActionMask = 2147483647;
			files = (
			);
			runOnlyForDeploymentPostprocessing = 0;
		};
/* End PBXHeadersBuildPhase section */

/* Begin PBXNativeTarget section */
		252B387F162BFA91003D50AC /* ChaosEngine */ = {
			isa = PBXNativeTarget;
			buildConfigurationList = 252B3881162BFA91003D50AC /* Build configuration list for PBXNativeTarget "ChaosEngine" */;
			buildPhases = (
				252B387C162BFA91003D50AC /* Sources */,
				252B387D162BFA91003D50AC /* Frameworks */,
				252B387E162BFA91003D50AC /* Headers */,
			);
			buildRules = (
			);
			dependencies = (
			);
			name = ChaosEngine;
			productName = ChaosEngine;
			productReference = 252B3880162BFA91003D50AC /* libChaosEngine.dylib */;
			productType = "com.apple.product-type.library.dynamic";
		};
		252B3898162BFF86003D50AC /* ChaosEngine_s */ = {
			isa = PBXNativeTarget;
			buildConfigurationList = 252B389A162BFF86003D50AC /* Build configuration list for PBXNativeTarget "ChaosEngine_s" */;
			buildPhases = (
				252B3895162BFF86003D50AC /* Sources */,
				252B3896162BFF86003D50AC /* Frameworks */,
				252B3897162BFF86003D50AC /* Headers */,
			);
			buildRules = (
			);
			dependencies = (
			);
			name = ChaosEngine_s;
			productName = ChaosEngine_s;
			productReference = 252B3899162BFF86003D50AC /* libChaosEngine_s.a */;
			productType = "com.apple.product-type.library.static";
		};
		74E047C014ECC88B0024586A /* Chaos */ = {
			isa = PBXNativeTarget;
			buildConfigurationList = 74E047E214ECC88B0024586A /* Build configuration list for PBXNativeTarget "Chaos" */;
			buildPhases = (
				74E047BD14ECC88B0024586A /* Sources */,
				74E047BE14ECC88B0024586A /* Frameworks */,
				74E047BF14ECC88B0024586A /* Resources */,
			);
			buildRules = (
			);
			dependencies = (
			);
			name = Chaos;
			productName = Chaos;
			productReference = 74E047C114ECC88B0024586A /* Chaos.app */;
			productType = "com.apple.product-type.application";
		};
/* End PBXNativeTarget section */

/* Begin PBXProject section */
		74E047B814ECC88B0024586A /* Project object */ = {
			isa = PBXProject;
			attributes = {
				LastUpgradeCheck = 0460;
			};
			buildConfigurationList = 74E047BB14ECC88B0024586A /* Build configuration list for PBXProject "Chaos" */;
			compatibilityVersion = "Xcode 3.2";
			developmentRegion = English;
			hasScannedForEncodings = 0;
			knownRegions = (
				en,
			);
			mainGroup = 74E047B614ECC88B0024586A;
			productRefGroup = 74E047C214ECC88B0024586A /* Products */;
			projectDirPath = "";
			projectRoot = "";
			targets = (
				74E047C014ECC88B0024586A /* Chaos */,
				252B387F162BFA91003D50AC /* ChaosEngine */,
				252B3898162BFF86003D50AC /* ChaosEngine_s */,
			);
		};
/* End PBXProject section */

/* Begin PBXResourcesBuildPhase section */
		74E047BF14ECC88B0024586A /* Resources */ = {
			isa = PBXResourcesBuildPhase;
			buildActionMask = 2147483647;
			files = (
				74E047ED14ECCA690024586A /* MainStoryboard_iPad.storyboard in Resources */,
				74E047EE14ECCA690024586A /* MainStoryboard_iPhone.storyboard in Resources */,
				74E047FE14ECCD880024586A /* InfoPlist.strings in Resources */,
				74E8B3C3157742C2004CCCD6 /* shaders in Resources */,
				74E8B3C515774387004CCCD6 /* assets in Resources */,
			);
			runOnlyForDeploymentPostprocessing = 0;
		};
/* End PBXResourcesBuildPhase section */

/* Begin PBXSourcesBuildPhase section */
		252B387C162BFA91003D50AC /* Sources */ = {
			isa = PBXSourcesBuildPhase;
			buildActionMask = 2147483647;
			files = (
				252B3884162BFC4D003D50AC /* ChsMath.cpp in Sources */,
				252B3885162BFC4D003D50AC /* ChsMatrix.cpp in Sources */,
				252B3886162BFC4D003D50AC /* ChsQuaternion.cpp in Sources */,
				252B3887162BFC4D003D50AC /* ChsVector2.cpp in Sources */,
				252B3888162BFC4D003D50AC /* ChsVector3.cpp in Sources */,
				252B3889162BFC4D003D50AC /* ChsVector4.cpp in Sources */,
			);
			runOnlyForDeploymentPostprocessing = 0;
		};
		252B3895162BFF86003D50AC /* Sources */ = {
			isa = PBXSourcesBuildPhase;
			buildActionMask = 2147483647;
			files = (
				252B389D162BFFAC003D50AC /* ChsMath.cpp in Sources */,
				252B389E162BFFAC003D50AC /* ChsMatrix.cpp in Sources */,
				252B389F162BFFAC003D50AC /* ChsQuaternion.cpp in Sources */,
				252B38A0162BFFAC003D50AC /* ChsVector2.cpp in Sources */,
				252B38A1162BFFAC003D50AC /* ChsVector3.cpp in Sources */,
				252B38A2162BFFAC003D50AC /* ChsVector4.cpp in Sources */,
			);
			runOnlyForDeploymentPostprocessing = 0;
		};
		74E047BD14ECC88B0024586A /* Sources */ = {
			isa = PBXSourcesBuildPhase;
			buildActionMask = 2147483647;
			files = (
				252B37C3162BF5A9003D50AC /* ChsCamera.cpp in Sources */,
				252B37C4162BF5A9003D50AC /* ChsModelViewCamera.cpp in Sources */,
				252B37C5162BF5A9003D50AC /* ChsArrayBuffer.cpp in Sources */,
				252B37C6162BF5A9003D50AC /* ChsDaeLoader.cpp in Sources */,
				252B37C7162BF5A9003D50AC /* ChsEngine.cpp in Sources */,
				252B37C8162BF5A9003D50AC /* ChsEntity.cpp in Sources */,
				252B37C9162BF5A9003D50AC /* ChsEntityManager.cpp in Sources */,
				252B37CA162BF5A9003D50AC /* ChsIndexBuffer.cpp in Sources */,
				252B37CB162BF5A9003D50AC /* ChsMaterial.cpp in Sources */,
				252B37CC162BF5A9003D50AC /* ChsMesh.cpp in Sources */,
				252B37CD162BF5A9003D50AC /* ChsModel.cpp in Sources */,
				252B37CE162BF5A9003D50AC /* ChsModelLoader.cpp in Sources */,
				252B37CF162BF5A9003D50AC /* ChsModelManager.cpp in Sources */,
				252B37D0162BF5A9003D50AC /* ChsRenderable.cpp in Sources */,
				252B37D1162BF5A9003D50AC /* ChsRenderFactory.cpp in Sources */,
				252B37D2162BF5A9003D50AC /* ChsRenderNode.cpp in Sources */,
				252B37D3162BF5A9003D50AC /* ChsRenderStates.cpp in Sources */,
				252B37D4162BF5A9003D50AC /* ChsRenderSystem.cpp in Sources */,
				252B37D5162BF5A9003D50AC /* ChsResourceManager.cpp in Sources */,
				252B37D6162BF5A9003D50AC /* ChsSingleton.cpp in Sources */,
				252B37D7162BF5A9003D50AC /* ChsSprite2D.cpp in Sources */,
				252B37D8162BF5A9003D50AC /* ChsTexture2D.cpp in Sources */,
				252B37D9162BF5A9003D50AC /* ChsTextureEntity.cpp in Sources */,
				252B37DA162BF5A9003D50AC /* ChsTextureFactory.cpp in Sources */,
				252B37DB162BF5A9003D50AC /* ChsTextureManager.cpp in Sources */,
				252B37DC162BF5A9003D50AC /* ChsVertexBuffer.cpp in Sources */,
				252B37DD162BF5A9003D50AC /* ChsNode.cpp in Sources */,
				252B37DE162BF5A9003D50AC /* ChsUtility.cpp in Sources */,
				252B37DF162BF5A9003D50AC /* ChsGameBase.cpp in Sources */,
				252B37E0162BF5A9003D50AC /* ChsScene.cpp in Sources */,
				252B37E1162BF5A9003D50AC /* ChsSceneManager.cpp in Sources */,
				252B37E2162BF5A9003D50AC /* ChsCoordinatePlane.cpp in Sources */,
				252B37E3162BF5A9003D50AC /* ChsCube.cpp in Sources */,
				252B37E4162BF5A9003D50AC /* ChsPlane.cpp in Sources */,
				252B37E5162BF5A9003D50AC /* ChsHUD.cpp in Sources */,
				252B37E6162BF5A9003D50AC /* ChsHUDManager.cpp in Sources */,
				252B37E7162BF5A9003D50AC /* ChsTouchEmitter.cpp in Sources */,
				252B37E8162BF5A9003D50AC /* ChsTouchListener.cpp in Sources */,
				252B37E9162BF5A9003D50AC /* ChsMath.cpp in Sources */,
				252B37EA162BF5A9003D50AC /* ChsMatrix.cpp in Sources */,
				252B37EB162BF5A9003D50AC /* ChsQuaternion.cpp in Sources */,
				252B37EC162BF5A9003D50AC /* ChsVector2.cpp in Sources */,
				252B37ED162BF5A9003D50AC /* ChsVector3.cpp in Sources */,
				252B37EE162BF5A9003D50AC /* ChsVector4.cpp in Sources */,
				252B37F0162BF5A9003D50AC /* ChsOpenGL.cpp in Sources */,
				252B37F1162BF5A9003D50AC /* ChsFileSystemIOS.mm in Sources */,
				252B37F2162BF5A9003D50AC /* ChsRenderSystemIOS.mm in Sources */,
				252B37F3162BF5A9003D50AC /* ChsSystemIOS.mm in Sources */,
				252B37F4162BF5A9003D50AC /* ChsTextureFactoryIOS.mm in Sources */,
				252B37F8162BF5A9003D50AC /* ChsShader.cpp in Sources */,
				252B37F9162BF5A9003D50AC /* ChsShaderManager.cpp in Sources */,
				252B37FA162BF5A9003D50AC /* ChsShaderProgram.cpp in Sources */,
				252B37FB162BF5A9003D50AC /* ChsShaderUniform.cpp in Sources */,
				252B37FC162BF5A9003D50AC /* ChsShaderUniformSet.cpp in Sources */,
				252B3800162BF5A9003D50AC /* AppDelegate.m in Sources */,
				252B3801162BF5A9003D50AC /* EAGLView.mm in Sources */,
				252B3802162BF5A9003D50AC /* GLViewController.mm in Sources */,
				252B3803162BF5A9003D50AC /* main.m in Sources */,
				252B3805162BF5A9003D50AC /* GameDemo.cpp in Sources */,
				252B3806162BF5A9003D50AC /* GamingScene.cpp in Sources */,
				252B3807162BF5A9003D50AC /* MainMenuScene.cpp in Sources */,
				252B3808162BF5A9003D50AC /* SplashScene.cpp in Sources */,
				252B3860162BF719003D50AC /* tinyxml2.cpp in Sources */,
				25737B7F164409A700FB233C /* TransTestScene.cpp in Sources */,
			);
			runOnlyForDeploymentPostprocessing = 0;
		};
/* End PBXSourcesBuildPhase section */

/* Begin PBXVariantGroup section */
		74E047FC14ECCD880024586A /* InfoPlist.strings */ = {
			isa = PBXVariantGroup;
			children = (
				74E047FD14ECCD880024586A /* en */,
			);
			name = InfoPlist.strings;
			sourceTree = "<group>";
		};
/* End PBXVariantGroup section */

/* Begin XCBuildConfiguration section */
		252B3882162BFA91003D50AC /* Debug */ = {
			isa = XCBuildConfiguration;
			buildSettings = {
				ARCHS = "$(ARCHS_STANDARD_64_BIT)";
				CLANG_CXX_LANGUAGE_STANDARD = "c++0x";
				CLANG_WARN_EMPTY_BODY = YES;
				CLANG_WARN__DUPLICATE_METHOD_MATCH = YES;
				COMBINE_HIDPI_IMAGES = YES;
				EXECUTABLE_PREFIX = lib;
				GCC_C_LANGUAGE_STANDARD = gnu99;
				GCC_ENABLE_OBJC_EXCEPTIONS = YES;
				GCC_WARN_64_TO_32_BIT_CONVERSION = YES;
				HEADER_SEARCH_PATHS = ./libs/boost;
				MACOSX_DEPLOYMENT_TARGET = 10.8;
				ONLY_ACTIVE_ARCH = YES;
				PRODUCT_NAME = "$(TARGET_NAME)";
				SDKROOT = macosx;
			};
			name = Debug;
		};
		252B3883162BFA91003D50AC /* Release */ = {
			isa = XCBuildConfiguration;
			buildSettings = {
				ARCHS = "$(ARCHS_STANDARD_64_BIT)";
				CLANG_CXX_LANGUAGE_STANDARD = "c++0x";
				CLANG_WARN_EMPTY_BODY = YES;
				CLANG_WARN__DUPLICATE_METHOD_MATCH = YES;
				COMBINE_HIDPI_IMAGES = YES;
				DEBUG_INFORMATION_FORMAT = "dwarf-with-dsym";
				EXECUTABLE_PREFIX = lib;
				GCC_C_LANGUAGE_STANDARD = gnu99;
				GCC_ENABLE_OBJC_EXCEPTIONS = YES;
				GCC_WARN_64_TO_32_BIT_CONVERSION = YES;
				HEADER_SEARCH_PATHS = ./libs/boost;
				MACOSX_DEPLOYMENT_TARGET = 10.8;
				PRODUCT_NAME = "$(TARGET_NAME)";
				SDKROOT = macosx;
			};
			name = Release;
		};
		252B389B162BFF86003D50AC /* Debug */ = {
			isa = XCBuildConfiguration;
			buildSettings = {
				ARCHS = "$(ARCHS_STANDARD_64_BIT)";
				CLANG_CXX_LANGUAGE_STANDARD = "gnu++0x";
				CLANG_WARN_EMPTY_BODY = YES;
				CLANG_WARN__DUPLICATE_METHOD_MATCH = YES;
				COMBINE_HIDPI_IMAGES = YES;
				EXECUTABLE_PREFIX = lib;
				GCC_C_LANGUAGE_STANDARD = gnu99;
				GCC_ENABLE_OBJC_EXCEPTIONS = YES;
				GCC_WARN_64_TO_32_BIT_CONVERSION = YES;
				HEADER_SEARCH_PATHS = ./libs/boost;
				MACOSX_DEPLOYMENT_TARGET = 10.8;
				ONLY_ACTIVE_ARCH = YES;
				PRODUCT_NAME = "$(TARGET_NAME)";
				SDKROOT = macosx;
			};
			name = Debug;
		};
		252B389C162BFF86003D50AC /* Release */ = {
			isa = XCBuildConfiguration;
			buildSettings = {
				ARCHS = "$(ARCHS_STANDARD_64_BIT)";
				CLANG_CXX_LANGUAGE_STANDARD = "gnu++0x";
				CLANG_WARN_EMPTY_BODY = YES;
				CLANG_WARN__DUPLICATE_METHOD_MATCH = YES;
				COMBINE_HIDPI_IMAGES = YES;
				DEBUG_INFORMATION_FORMAT = "dwarf-with-dsym";
				EXECUTABLE_PREFIX = lib;
				GCC_C_LANGUAGE_STANDARD = gnu99;
				GCC_ENABLE_OBJC_EXCEPTIONS = YES;
				GCC_WARN_64_TO_32_BIT_CONVERSION = YES;
				HEADER_SEARCH_PATHS = ./libs/boost;
				MACOSX_DEPLOYMENT_TARGET = 10.8;
				PRODUCT_NAME = "$(TARGET_NAME)";
				SDKROOT = macosx;
			};
			name = Release;
		};
		74E047E014ECC88B0024586A /* Debug */ = {
			isa = XCBuildConfiguration;
			buildSettings = {
				ALWAYS_SEARCH_USER_PATHS = NO;
				ARCHS = "$(ARCHS_STANDARD_32_BIT)";
				CLANG_CXX_LANGUAGE_STANDARD = "c++0x";
				CLANG_CXX_LIBRARY = "libc++";
				CLANG_ENABLE_OBJC_ARC = YES;
				"CODE_SIGN_IDENTITY[sdk=iphoneos*]" = "iPhone Developer";
				COPY_PHASE_STRIP = NO;
				GCC_C_LANGUAGE_STANDARD = "compiler-default";
				GCC_DYNAMIC_NO_PIC = NO;
				GCC_OPTIMIZATION_LEVEL = 0;
				GCC_PREPROCESSOR_DEFINITIONS = (
					"DEBUG=1",
					"$(inherited)",
				);
				GCC_SYMBOLS_PRIVATE_EXTERN = NO;
				GCC_VERSION = "";
				GCC_WARN_ABOUT_MISSING_FIELD_INITIALIZERS = YES;
				GCC_WARN_ABOUT_MISSING_NEWLINE = YES;
				GCC_WARN_ABOUT_MISSING_PROTOTYPES = YES;
				GCC_WARN_ABOUT_RETURN_TYPE = YES;
				GCC_WARN_UNINITIALIZED_AUTOS = YES;
				GCC_WARN_UNUSED_LABEL = YES;
				GCC_WARN_UNUSED_PARAMETER = NO;
				GCC_WARN_UNUSED_VARIABLE = YES;
				INSTALL_PATH = build;
				IPHONEOS_DEPLOYMENT_TARGET = 6.0;
				"PROVISIONING_PROFILE[sdk=iphoneos*]" = "";
				SDKROOT = iphoneos;
				TARGETED_DEVICE_FAMILY = "1,2";
			};
			name = Debug;
		};
		74E047E114ECC88B0024586A /* Release */ = {
			isa = XCBuildConfiguration;
			buildSettings = {
				ALWAYS_SEARCH_USER_PATHS = NO;
				ARCHS = "$(ARCHS_STANDARD_32_BIT)";
				CLANG_CXX_LANGUAGE_STANDARD = "c++0x";
				CLANG_CXX_LIBRARY = "libc++";
				CLANG_ENABLE_OBJC_ARC = YES;
				"CODE_SIGN_IDENTITY[sdk=iphoneos*]" = "iPhone Developer";
				COPY_PHASE_STRIP = YES;
				GCC_C_LANGUAGE_STANDARD = "compiler-default";
				GCC_VERSION = "";
				GCC_WARN_ABOUT_MISSING_FIELD_INITIALIZERS = YES;
				GCC_WARN_ABOUT_MISSING_NEWLINE = YES;
				GCC_WARN_ABOUT_MISSING_PROTOTYPES = YES;
				GCC_WARN_ABOUT_RETURN_TYPE = YES;
				GCC_WARN_UNINITIALIZED_AUTOS = YES;
				GCC_WARN_UNUSED_LABEL = YES;
				GCC_WARN_UNUSED_PARAMETER = NO;
				GCC_WARN_UNUSED_VARIABLE = YES;
				INSTALL_PATH = build;
				IPHONEOS_DEPLOYMENT_TARGET = 6.0;
				OTHER_CFLAGS = "-DNS_BLOCK_ASSERTIONS=1";
				"PROVISIONING_PROFILE[sdk=iphoneos*]" = "";
				SDKROOT = iphoneos;
				TARGETED_DEVICE_FAMILY = "1,2";
				VALIDATE_PRODUCT = YES;
			};
			name = Release;
		};
		74E047E314ECC88B0024586A /* Debug */ = {
			isa = XCBuildConfiguration;
			buildSettings = {
				ALWAYS_SEARCH_USER_PATHS = NO;
				DEBUG_INFORMATION_FORMAT = "dwarf-with-dsym";
				GCC_PRECOMPILE_PREFIX_HEADER = YES;
				GCC_PREFIX_HEADER = "src/entrance/ios/Chaos-ios.pch";
				HEADER_SEARCH_PATHS = (
					./libs/boost,
					./libs/tinyxml2,
					./include/chaos,
					./include,
				);
				INFOPLIST_FILE = "Chaos-Info.plist";
				LIBRARY_SEARCH_PATHS = (
					"$(inherited)",
					"\"./libs\"",
				);
				PRODUCT_NAME = "$(TARGET_NAME)";
				USER_HEADER_SEARCH_PATHS = "";
				WRAPPER_EXTENSION = app;
			};
			name = Debug;
		};
		74E047E414ECC88B0024586A /* Release */ = {
			isa = XCBuildConfiguration;
			buildSettings = {
				ALWAYS_SEARCH_USER_PATHS = NO;
				DEBUG_INFORMATION_FORMAT = "dwarf-with-dsym";
				GCC_PRECOMPILE_PREFIX_HEADER = YES;
				GCC_PREFIX_HEADER = "src/entrance/ios/Chaos-ios.pch";
				HEADER_SEARCH_PATHS = (
					./libs/boost,
					./libs/tinyxml2,
					./include/chaos,
					./include,
				);
				INFOPLIST_FILE = "Chaos-Info.plist";
				LIBRARY_SEARCH_PATHS = (
					"$(inherited)",
					"\"./libs\"",
				);
				PRODUCT_NAME = "$(TARGET_NAME)";
				USER_HEADER_SEARCH_PATHS = "";
				WRAPPER_EXTENSION = app;
			};
			name = Release;
		};
/* End XCBuildConfiguration section */

/* Begin XCConfigurationList section */
		252B3881162BFA91003D50AC /* Build configuration list for PBXNativeTarget "ChaosEngine" */ = {
			isa = XCConfigurationList;
			buildConfigurations = (
				252B3882162BFA91003D50AC /* Debug */,
				252B3883162BFA91003D50AC /* Release */,
			);
			defaultConfigurationIsVisible = 0;
			defaultConfigurationName = Release;
		};
		252B389A162BFF86003D50AC /* Build configuration list for PBXNativeTarget "ChaosEngine_s" */ = {
			isa = XCConfigurationList;
			buildConfigurations = (
				252B389B162BFF86003D50AC /* Debug */,
				252B389C162BFF86003D50AC /* Release */,
			);
			defaultConfigurationIsVisible = 0;
			defaultConfigurationName = Release;
		};
		74E047BB14ECC88B0024586A /* Build configuration list for PBXProject "Chaos" */ = {
			isa = XCConfigurationList;
			buildConfigurations = (
				74E047E014ECC88B0024586A /* Debug */,
				74E047E114ECC88B0024586A /* Release */,
			);
			defaultConfigurationIsVisible = 0;
			defaultConfigurationName = Release;
		};
		74E047E214ECC88B0024586A /* Build configuration list for PBXNativeTarget "Chaos" */ = {
			isa = XCConfigurationList;
			buildConfigurations = (
				74E047E314ECC88B0024586A /* Debug */,
				74E047E414ECC88B0024586A /* Release */,
			);
			defaultConfigurationIsVisible = 0;
			defaultConfigurationName = Release;
		};
/* End XCConfigurationList section */
	};
	rootObject = 74E047B814ECC88B0024586A /* Project object */;
}
